
Microsoft Visual Studio Solution File, Format Version 12.00
# Visual Studio Version 17
VisualStudioVersion = 17.14.36221.1 d17.14
MinimumVisualStudioVersion = 10.0.40219.1
Project("{FAE04EC0-301F-11D3-BF4B-00C04F79EFBC}") = "ChallengeLab_6", "ChallengeLab_6.csproj", "{F0DD704F-1521-4B54-AA1A-7B848538C930}"
EndProject
Global
	GlobalSection(SolutionConfigurationPlatforms) = preSolution
		Debug|Any CPU = Debug|Any CPU
		Release|Any CPU = Release|Any CPU
	EndGlobalSection
	GlobalSection(ProjectConfigurationPlatforms) = postSolution
		{F0DD704F-1521-4B54-AA1A-7B848538C930}.Debug|Any CPU.ActiveCfg = Debug|Any CPU
		{F0DD704F-1521-4B54-AA1A-7B848538C930}.Debug|Any CPU.Build.0 = Debug|Any CPU
		{F0DD704F-1521-4B54-AA1A-7B848538C930}.Release|Any CPU.ActiveCfg = Release|Any CPU
		{F0DD704F-1521-4B54-AA1A-7B848538C930}.Release|Any CPU.Build.0 = Release|Any CPU
	EndGlobalSection
	GlobalSection(SolutionProperties) = preSolution
		HideSolutionNode = FALSE
	EndGlobalSection
	GlobalSection(ExtensibilityGlobals) = postSolution
		SolutionGuid = {8FA9CC50-D544-4AC3-B0E4-22EC605E3B71}
	EndGlobalSection
EndGlobal
